
Microsoft Visual Studio Solution File, Format Version 12.00
# Visual Studio 14
VisualStudioVersion = 14.0.25420.1
MinimumVisualStudioVersion = 10.0.40219.1
Project("{FAE04EC0-301F-11D3-BF4B-00C04F79EFBC}") = "DevWorkTracker", "DevWorkTracker\DevWorkTracker.csproj", "{915E4798-7A98-440B-A334-A40910B87A10}"
EndProject
Project("{FAE04EC0-301F-11D3-BF4B-00C04F79EFBC}") = "BusinessObjects", "Models\BusinessObjects.csproj", "{020E0DED-C5F7-4F0A-AC06-6B4009A000CF}"
EndProject
Project("{FAE04EC0-301F-11D3-BF4B-00C04F79EFBC}") = "DataManager", "DataManager\DataManager.csproj", "{643FDDB0-589B-4901-AAC1-D449FA03A89C}"
EndProject
Global
	GlobalSection(SolutionConfigurationPlatforms) = preSolution
		Debug|Any CPU = Debug|Any CPU
		Release|Any CPU = Release|Any CPU
	EndGlobalSection
	GlobalSection(ProjectConfigurationPlatforms) = postSolution
		{915E4798-7A98-440B-A334-A40910B87A10}.Debug|Any CPU.ActiveCfg = Debug|Any CPU
		{915E4798-7A98-440B-A334-A40910B87A10}.Debug|Any CPU.Build.0 = Debug|Any CPU
		{915E4798-7A98-440B-A334-A40910B87A10}.Release|Any CPU.ActiveCfg = Release|Any CPU
		{915E4798-7A98-440B-A334-A40910B87A10}.Release|Any CPU.Build.0 = Release|Any CPU
		{020E0DED-C5F7-4F0A-AC06-6B4009A000CF}.Debug|Any CPU.ActiveCfg = Debug|Any CPU
		{020E0DED-C5F7-4F0A-AC06-6B4009A000CF}.Debug|Any CPU.Build.0 = Debug|Any CPU
		{020E0DED-C5F7-4F0A-AC06-6B4009A000CF}.Release|Any CPU.ActiveCfg = Release|Any CPU
		{020E0DED-C5F7-4F0A-AC06-6B4009A000CF}.Release|Any CPU.Build.0 = Release|Any CPU
		{643FDDB0-589B-4901-AAC1-D449FA03A89C}.Debug|Any CPU.ActiveCfg = Debug|Any CPU
		{643FDDB0-589B-4901-AAC1-D449FA03A89C}.Debug|Any CPU.Build.0 = Debug|Any CPU
		{643FDDB0-589B-4901-AAC1-D449FA03A89C}.Release|Any CPU.ActiveCfg = Release|Any CPU
		{643FDDB0-589B-4901-AAC1-D449FA03A89C}.Release|Any CPU.Build.0 = Release|Any CPU
	EndGlobalSection
	GlobalSection(SolutionProperties) = preSolution
		HideSolutionNode = FALSE
	EndGlobalSection
EndGlobal
